Microsoft Visual Studio Solution File, Format Version 12.00
# Visual Studio 2013
VisualStudioVersion = 12.0.40629.0
MinimumVisualStudioVersion = 10.0.40219.1
Project("{2150E333-8FDC-42A3-9474-1A3956D46DE8}") = ".paket", ".paket", "{63297B98-5CED-492C-A5B7-A5B4F73CF142}"
	ProjectSection(SolutionItems) = preProject
		paket.dependencies = paket.dependencies
		paket.lock = paket.lock
	EndProjectSection
EndProject
Project("{2150E333-8FDC-42A3-9474-1A3956D46DE8}") = "docs", "docs", "{A6A6AF7D-D6E3-442D-9B1E-58CC91879BE1}"
EndProject
Project("{F2A71F9B-5D33-465A-A702-920D77279786}") = "FSharp.Compiler.CodeDom", "src\FSharp.Compiler.CodeDom\FSharp.Compiler.CodeDom.fsproj", "{7E90D6CE-A10B-4858-A5BC-41DF7250CBCA}"
EndProject
Project("{2150E333-8FDC-42A3-9474-1A3956D46DE8}") = "project", "project", "{BF60BC93-E09B-4E5F-9D85-95A519479D54}"
	ProjectSection(SolutionItems) = preProject
		build.fsx = build.fsx
		nuget\FSharp.Compiler.CodeDom.nuspec = nuget\FSharp.Compiler.CodeDom.nuspec
		README.md = README.md
		RELEASE_NOTES.md = RELEASE_NOTES.md
	EndProjectSection
EndProject
Project("{2150E333-8FDC-42A3-9474-1A3956D46DE8}") = "tools", "tools", "{83F16175-43B1-4C90-A1EE-8E351C33435D}"
	ProjectSection(SolutionItems) = preProject
		docs\tools\generate.fsx = docs\tools\generate.fsx
		docs\tools\templates\template.cshtml = docs\tools\templates\template.cshtml
	EndProjectSection
EndProject
Project("{2150E333-8FDC-42A3-9474-1A3956D46DE8}") = "content", "content", "{8E6D5255-776D-4B61-85F9-73C37AA1FB9A}"
	ProjectSection(SolutionItems) = preProject
		docs\content\index.fsx = docs\content\index.fsx
		docs\content\tutorial.fsx = docs\content\tutorial.fsx
	EndProjectSection
EndProject
Project("{2150E333-8FDC-42A3-9474-1A3956D46DE8}") = "tests", "tests", "{ED8079DD-2B06-4030-9F0F-DC548F98E1C4}"
EndProject
Project("{F2A71F9B-5D33-465A-A702-920D77279786}") = "FSharp.Compiler.CodeDom.Tests", "tests\FSharp.Compiler.CodeDom.Tests\FSharp.Compiler.CodeDom.Tests.fsproj", "{E789C72A-5CFD-436B-8EF1-61AA2852A89F}"
EndProject
Project("{FAE04EC0-301F-11D3-BF4B-00C04F79EFBC}") = "SimpleInstaller", "SimpleInstaller\SimpleInstaller.csproj", "{0B6D0603-F6A3-4DCD-B85B-2D5567985964}"
	ProjectSection(ProjectDependencies) = postProject
		{7E90D6CE-A10B-4858-A5BC-41DF7250CBCA} = {7E90D6CE-A10B-4858-A5BC-41DF7250CBCA}
	EndProjectSection
EndProject
Project("{930C7802-8A8C-48F9-8165-68863BCCD9DD}") = "Installer", "Installer\Installer\Installer.wixproj", "{0F92FEEE-755B-41A6-8FB8-E8452C17C715}"
	ProjectSection(ProjectDependencies) = postProject
		{7E90D6CE-A10B-4858-A5BC-41DF7250CBCA} = {7E90D6CE-A10B-4858-A5BC-41DF7250CBCA}
		{FF7B6CD8-5755-4ED5-9BAC-34DDB6D2328F} = {FF7B6CD8-5755-4ED5-9BAC-34DDB6D2328F}
	EndProjectSection
EndProject
Project("{FAE04EC0-301F-11D3-BF4B-00C04F79EFBC}") = "ModifyMachineConfig", "Installer\ModifyMachineConfig\ModifyMachineConfig.csproj", "{FF7B6CD8-5755-4ED5-9BAC-34DDB6D2328F}"
EndProject
Project("{FAE04EC0-301F-11D3-BF4B-00C04F79EFBC}") = "InstallLib", "InstallLib\InstallLib.csproj", "{D26267BF-F93B-4E1B-A6C9-63B9653E97DF}"
EndProject
Global
	GlobalSection(SolutionConfigurationPlatforms) = preSolution
		Debug|Any CPU = Debug|Any CPU
		Debug|Mixed Platforms = Debug|Mixed Platforms
		Debug|x64 = Debug|x64
		Debug|x86 = Debug|x86
		Release|Any CPU = Release|Any CPU
		Release|Mixed Platforms = Release|Mixed Platforms
		Release|x64 = Release|x64
		Release|x86 = Release|x86
	EndGlobalSection
	GlobalSection(ProjectConfigurationPlatforms) = postSolution
		{7E90D6CE-A10B-4858-A5BC-41DF7250CBCA}.Debug|Any CPU.ActiveCfg = Debug|Any CPU
		{7E90D6CE-A10B-4858-A5BC-41DF7250CBCA}.Debug|Any CPU.Build.0 = Debug|Any CPU
		{7E90D6CE-A10B-4858-A5BC-41DF7250CBCA}.Debug|Mixed Platforms.ActiveCfg = Debug|Any CPU
		{7E90D6CE-A10B-4858-A5BC-41DF7250CBCA}.Debug|Mixed Platforms.Build.0 = Debug|Any CPU
		{7E90D6CE-A10B-4858-A5BC-41DF7250CBCA}.Debug|x64.ActiveCfg = Debug|Any CPU
		{7E90D6CE-A10B-4858-A5BC-41DF7250CBCA}.Debug|x86.ActiveCfg = Debug|Any CPU
		{7E90D6CE-A10B-4858-A5BC-41DF7250CBCA}.Release|Any CPU.ActiveCfg = Release|Any CPU
		{7E90D6CE-A10B-4858-A5BC-41DF7250CBCA}.Release|Any CPU.Build.0 = Release|Any CPU
		{7E90D6CE-A10B-4858-A5BC-41DF7250CBCA}.Release|Mixed Platforms.ActiveCfg = Release|Any CPU
		{7E90D6CE-A10B-4858-A5BC-41DF7250CBCA}.Release|Mixed Platforms.Build.0 = Release|Any CPU
		{7E90D6CE-A10B-4858-A5BC-41DF7250CBCA}.Release|x64.ActiveCfg = Release|Any CPU
		{7E90D6CE-A10B-4858-A5BC-41DF7250CBCA}.Release|x86.ActiveCfg = Release|Any CPU
		{E789C72A-5CFD-436B-8EF1-61AA2852A89F}.Debug|Any CPU.ActiveCfg = Debug|Any CPU
		{E789C72A-5CFD-436B-8EF1-61AA2852A89F}.Debug|Any CPU.Build.0 = Debug|Any CPU
		{E789C72A-5CFD-436B-8EF1-61AA2852A89F}.Debug|Mixed Platforms.ActiveCfg = Debug|Any CPU
		{E789C72A-5CFD-436B-8EF1-61AA2852A89F}.Debug|Mixed Platforms.Build.0 = Debug|Any CPU
		{E789C72A-5CFD-436B-8EF1-61AA2852A89F}.Debug|x64.ActiveCfg = Debug|Any CPU
		{E789C72A-5CFD-436B-8EF1-61AA2852A89F}.Debug|x86.ActiveCfg = Debug|Any CPU
		{E789C72A-5CFD-436B-8EF1-61AA2852A89F}.Release|Any CPU.ActiveCfg = Release|Any CPU
		{E789C72A-5CFD-436B-8EF1-61AA2852A89F}.Release|Any CPU.Build.0 = Release|Any CPU
		{E789C72A-5CFD-436B-8EF1-61AA2852A89F}.Release|Mixed Platforms.ActiveCfg = Release|Any CPU
		{E789C72A-5CFD-436B-8EF1-61AA2852A89F}.Release|Mixed Platforms.Build.0 = Release|Any CPU
		{E789C72A-5CFD-436B-8EF1-61AA2852A89F}.Release|x64.ActiveCfg = Release|Any CPU
		{E789C72A-5CFD-436B-8EF1-61AA2852A89F}.Release|x86.ActiveCfg = Release|Any CPU
		{0B6D0603-F6A3-4DCD-B85B-2D5567985964}.Debug|Any CPU.ActiveCfg = Debug|Any CPU
		{0B6D0603-F6A3-4DCD-B85B-2D5567985964}.Debug|Any CPU.Build.0 = Debug|Any CPU
		{0B6D0603-F6A3-4DCD-B85B-2D5567985964}.Debug|Mixed Platforms.ActiveCfg = Debug|Any CPU
		{0B6D0603-F6A3-4DCD-B85B-2D5567985964}.Debug|Mixed Platforms.Build.0 = Debug|Any CPU
		{0B6D0603-F6A3-4DCD-B85B-2D5567985964}.Debug|x64.ActiveCfg = Debug|Any CPU
		{0B6D0603-F6A3-4DCD-B85B-2D5567985964}.Debug|x86.ActiveCfg = Debug|Any CPU
		{0B6D0603-F6A3-4DCD-B85B-2D5567985964}.Release|Any CPU.ActiveCfg = Release|Any CPU
		{0B6D0603-F6A3-4DCD-B85B-2D5567985964}.Release|Any CPU.Build.0 = Release|Any CPU
		{0B6D0603-F6A3-4DCD-B85B-2D5567985964}.Release|Mixed Platforms.ActiveCfg = Release|Any CPU
		{0B6D0603-F6A3-4DCD-B85B-2D5567985964}.Release|Mixed Platforms.Build.0 = Release|Any CPU
		{0B6D0603-F6A3-4DCD-B85B-2D5567985964}.Release|x64.ActiveCfg = Release|Any CPU
		{0B6D0603-F6A3-4DCD-B85B-2D5567985964}.Release|x86.ActiveCfg = Release|Any CPU
		{0F92FEEE-755B-41A6-8FB8-E8452C17C715}.Debug|Any CPU.ActiveCfg = Debug|x86
		{0F92FEEE-755B-41A6-8FB8-E8452C17C715}.Debug|Mixed Platforms.ActiveCfg = Debug|x86
		{0F92FEEE-755B-41A6-8FB8-E8452C17C715}.Debug|Mixed Platforms.Build.0 = Debug|x86
		{0F92FEEE-755B-41A6-8FB8-E8452C17C715}.Debug|x64.ActiveCfg = Debug|x86
		{0F92FEEE-755B-41A6-8FB8-E8452C17C715}.Debug|x86.ActiveCfg = Debug|x86
		{0F92FEEE-755B-41A6-8FB8-E8452C17C715}.Debug|x86.Build.0 = Debug|x86
		{0F92FEEE-755B-41A6-8FB8-E8452C17C715}.Release|Any CPU.ActiveCfg = Release|x86
		{0F92FEEE-755B-41A6-8FB8-E8452C17C715}.Release|Mixed Platforms.ActiveCfg = Release|x86
		{0F92FEEE-755B-41A6-8FB8-E8452C17C715}.Release|Mixed Platforms.Build.0 = Release|x86
		{0F92FEEE-755B-41A6-8FB8-E8452C17C715}.Release|x64.ActiveCfg = Release|x86
		{0F92FEEE-755B-41A6-8FB8-E8452C17C715}.Release|x86.ActiveCfg = Release|x86
		{0F92FEEE-755B-41A6-8FB8-E8452C17C715}.Release|x86.Build.0 = Release|x86
		{FF7B6CD8-5755-4ED5-9BAC-34DDB6D2328F}.Debug|Any CPU.ActiveCfg = Debug|x86
		{FF7B6CD8-5755-4ED5-9BAC-34DDB6D2328F}.Debug|Mixed Platforms.ActiveCfg = Debug|x86
		{FF7B6CD8-5755-4ED5-9BAC-34DDB6D2328F}.Debug|Mixed Platforms.Build.0 = Debug|x86
		{FF7B6CD8-5755-4ED5-9BAC-34DDB6D2328F}.Debug|x64.ActiveCfg = Debug|x64
		{FF7B6CD8-5755-4ED5-9BAC-34DDB6D2328F}.Debug|x64.Build.0 = Debug|x64
		{FF7B6CD8-5755-4ED5-9BAC-34DDB6D2328F}.Debug|x86.ActiveCfg = Debug|x86
		{FF7B6CD8-5755-4ED5-9BAC-34DDB6D2328F}.Debug|x86.Build.0 = Debug|x86
		{FF7B6CD8-5755-4ED5-9BAC-34DDB6D2328F}.Release|Any CPU.ActiveCfg = Release|x86
		{FF7B6CD8-5755-4ED5-9BAC-34DDB6D2328F}.Release|Mixed Platforms.ActiveCfg = Release|x86
		{FF7B6CD8-5755-4ED5-9BAC-34DDB6D2328F}.Release|Mixed Platforms.Build.0 = Release|x86
		{FF7B6CD8-5755-4ED5-9BAC-34DDB6D2328F}.Release|x64.ActiveCfg = Release|x64
		{FF7B6CD8-5755-4ED5-9BAC-34DDB6D2328F}.Release|x64.Build.0 = Release|x64
		{FF7B6CD8-5755-4ED5-9BAC-34DDB6D2328F}.Release|x86.ActiveCfg = Release|x86
		{FF7B6CD8-5755-4ED5-9BAC-34DDB6D2328F}.Release|x86.Build.0 = Release|x86
		{D26267BF-F93B-4E1B-A6C9-63B9653E97DF}.Debug|Any CPU.ActiveCfg = Debug|Any CPU
		{D26267BF-F93B-4E1B-A6C9-63B9653E97DF}.Debug|Any CPU.Build.0 = Debug|Any CPU
		{D26267BF-F93B-4E1B-A6C9-63B9653E97DF}.Debug|Mixed Platforms.ActiveCfg = Debug|Any CPU
		{D26267BF-F93B-4E1B-A6C9-63B9653E97DF}.Debug|Mixed Platforms.Build.0 = Debug|Any CPU
		{D26267BF-F93B-4E1B-A6C9-63B9653E97DF}.Debug|x64.ActiveCfg = Debug|Any CPU
		{D26267BF-F93B-4E1B-A6C9-63B9653E97DF}.Debug|x86.ActiveCfg = Debug|Any CPU
		{D26267BF-F93B-4E1B-A6C9-63B9653E97DF}.Release|Any CPU.ActiveCfg = Release|Any CPU
		{D26267BF-F93B-4E1B-A6C9-63B9653E97DF}.Release|Any CPU.Build.0 = Release|Any CPU
		{D26267BF-F93B-4E1B-A6C9-63B9653E97DF}.Release|Mixed Platforms.ActiveCfg = Release|Any CPU
		{D26267BF-F93B-4E1B-A6C9-63B9653E97DF}.Release|Mixed Platforms.Build.0 = Release|Any CPU
		{D26267BF-F93B-4E1B-A6C9-63B9653E97DF}.Release|x64.ActiveCfg = Release|Any CPU
		{D26267BF-F93B-4E1B-A6C9-63B9653E97DF}.Release|x86.ActiveCfg = Release|Any CPU
	EndGlobalSection
	GlobalSection(SolutionProperties) = preSolution
		HideSolutionNode = FALSE
	EndGlobalSection
	GlobalSection(NestedProjects) = preSolution
		{83F16175-43B1-4C90-A1EE-8E351C33435D} = {A6A6AF7D-D6E3-442D-9B1E-58CC91879BE1}
		{8E6D5255-776D-4B61-85F9-73C37AA1FB9A} = {A6A6AF7D-D6E3-442D-9B1E-58CC91879BE1}
		{E789C72A-5CFD-436B-8EF1-61AA2852A89F} = {ED8079DD-2B06-4030-9F0F-DC548F98E1C4}
	EndGlobalSection
EndGlobal
